
Microsoft Visual Studio Solution File, Format Version 12.00
# Visual Studio Version 17
VisualStudioVersion = 17.12.35527.113
MinimumVisualStudioVersion = 10.0.40219.1
Project("{2150E333-8FDC-42A3-9474-1A3956D46DE8}") = "src", "src", "{6BC99D44-70F5-4277-9DB7-D3503A532AEE}"
EndProject
Project("{2150E333-8FDC-42A3-9474-1A3956D46DE8}") = "tests", "tests", "{7928E225-6353-4D68-880A-5466B823BD30}"
EndProject
Project("{FAE04EC0-301F-11D3-BF4B-00C04F79EFBC}") = "PersonnelInfo.Core", "src\PersonnelInfo.Core\PersonnelInfo.Core.csproj", "{F1CD4879-3E3E-4D1F-9398-D2AC8BF00341}"
EndProject
Project("{FAE04EC0-301F-11D3-BF4B-00C04F79EFBC}") = "PersonnelInfo.Application", "src\PersonnelInfo.Application\PersonnelInfo.Application.csproj", "{F884482F-1B25-4DF9-99D5-A7039863C870}"
EndProject
Project("{FAE04EC0-301F-11D3-BF4B-00C04F79EFBC}") = "UnitTests", "tests\UnitTests\UnitTests.csproj", "{0643B6E7-CD01-4605-BD1D-960653DC4237}"
EndProject
Project("{FAE04EC0-301F-11D3-BF4B-00C04F79EFBC}") = "IntegrationTests", "tests\IntegrationTests\IntegrationTests.csproj", "{66C3524B-8C4B-496C-82BB-1122971FEBCA}"
EndProject
Project("{FAE04EC0-301F-11D3-BF4B-00C04F79EFBC}") = "API", "tests\API\API.csproj", "{0A17A0C6-E065-45E1-AB6C-B7E3D09591C2}"
EndProject
Project("{2150E333-8FDC-42A3-9474-1A3956D46DE8}") = "PersonnelInfo.UIs", "PersonnelInfo.UIs", "{6077531A-09C8-4E03-A356-964F799B13A7}"
EndProject
Project("{FAE04EC0-301F-11D3-BF4B-00C04F79EFBC}") = "PersonnelInfo.Infrastructure", "src\PersonnelInfo.Infrastructure\PersonnelInfo.Infrastructure.csproj", "{4313F17C-1D30-4ECA-AEEF-56A22B5D6C7D}"
EndProject
Project("{FAE04EC0-301F-11D3-BF4B-00C04F79EFBC}") = "PersonnelInfo.Shared", "src\PersonnelInfo.Shared\PersonnelInfo.Shared.csproj", "{A2A8D9F9-A130-4BCD-B663-6B17E50136C4}"
EndProject
Project("{FAE04EC0-301F-11D3-BF4B-00C04F79EFBC}") = "PersonnelInfo.API", "src\PersonnelInfo.API\PersonnelInfo.API.csproj", "{C9B15E01-328C-410C-87B7-B889E04125C2}"
EndProject
Project("{FAE04EC0-301F-11D3-BF4B-00C04F79EFBC}") = "PersonnelInfo.Razor", "src\PersonnelInfo.UIs\PersonnelInfo.Razor\PersonnelInfo.Razor.csproj", "{61FAC4B9-2799-4BBE-A1A6-1FD41CCA6534}"
EndProject
Project("{FAE04EC0-301F-11D3-BF4B-00C04F79EFBC}") = "PersonnelInfo.Mvc", "src\PersonnelInfo.UIs\PersonnelInfo.Mvc\PersonnelInfo.Mvc.csproj", "{573C38FB-FA35-4EAA-8D5A-5A1456C83534}"
EndProject
Project("{FAE04EC0-301F-11D3-BF4B-00C04F79EFBC}") = "Test", "src\QueryTest\Test.csproj", "{BD216CB8-0610-433D-8AFF-C3F36151FB04}"
EndProject
Global
	GlobalSection(SolutionConfigurationPlatforms) = preSolution
		Debug|Any CPU = Debug|Any CPU
		Release|Any CPU = Release|Any CPU
	EndGlobalSection
	GlobalSection(ProjectConfigurationPlatforms) = postSolution
		{F1CD4879-3E3E-4D1F-9398-D2AC8BF00341}.Debug|Any CPU.ActiveCfg = Debug|Any CPU
		{F1CD4879-3E3E-4D1F-9398-D2AC8BF00341}.Debug|Any CPU.Build.0 = Debug|Any CPU
		{F1CD4879-3E3E-4D1F-9398-D2AC8BF00341}.Release|Any CPU.ActiveCfg = Release|Any CPU
		{F1CD4879-3E3E-4D1F-9398-D2AC8BF00341}.Release|Any CPU.Build.0 = Release|Any CPU
		{F884482F-1B25-4DF9-99D5-A7039863C870}.Debug|Any CPU.ActiveCfg = Debug|Any CPU
		{F884482F-1B25-4DF9-99D5-A7039863C870}.Debug|Any CPU.Build.0 = Debug|Any CPU
		{F884482F-1B25-4DF9-99D5-A7039863C870}.Release|Any CPU.ActiveCfg = Release|Any CPU
		{F884482F-1B25-4DF9-99D5-A7039863C870}.Release|Any CPU.Build.0 = Release|Any CPU
		{0643B6E7-CD01-4605-BD1D-960653DC4237}.Debug|Any CPU.ActiveCfg = Debug|Any CPU
		{0643B6E7-CD01-4605-BD1D-960653DC4237}.Debug|Any CPU.Build.0 = Debug|Any CPU
		{0643B6E7-CD01-4605-BD1D-960653DC4237}.Release|Any CPU.ActiveCfg = Release|Any CPU
		{0643B6E7-CD01-4605-BD1D-960653DC4237}.Release|Any CPU.Build.0 = Release|Any CPU
		{66C3524B-8C4B-496C-82BB-1122971FEBCA}.Debug|Any CPU.ActiveCfg = Debug|Any CPU
		{66C3524B-8C4B-496C-82BB-1122971FEBCA}.Debug|Any CPU.Build.0 = Debug|Any CPU
		{66C3524B-8C4B-496C-82BB-1122971FEBCA}.Release|Any CPU.ActiveCfg = Release|Any CPU
		{66C3524B-8C4B-496C-82BB-1122971FEBCA}.Release|Any CPU.Build.0 = Release|Any CPU
		{0A17A0C6-E065-45E1-AB6C-B7E3D09591C2}.Debug|Any CPU.ActiveCfg = Debug|Any CPU
		{0A17A0C6-E065-45E1-AB6C-B7E3D09591C2}.Debug|Any CPU.Build.0 = Debug|Any CPU
		{0A17A0C6-E065-45E1-AB6C-B7E3D09591C2}.Release|Any CPU.ActiveCfg = Release|Any CPU
		{0A17A0C6-E065-45E1-AB6C-B7E3D09591C2}.Release|Any CPU.Build.0 = Release|Any CPU
		{4313F17C-1D30-4ECA-AEEF-56A22B5D6C7D}.Debug|Any CPU.ActiveCfg = Debug|Any CPU
		{4313F17C-1D30-4ECA-AEEF-56A22B5D6C7D}.Debug|Any CPU.Build.0 = Debug|Any CPU
		{4313F17C-1D30-4ECA-AEEF-56A22B5D6C7D}.Release|Any CPU.ActiveCfg = Release|Any CPU
		{4313F17C-1D30-4ECA-AEEF-56A22B5D6C7D}.Release|Any CPU.Build.0 = Release|Any CPU
		{A2A8D9F9-A130-4BCD-B663-6B17E50136C4}.Debug|Any CPU.ActiveCfg = Debug|Any CPU
		{A2A8D9F9-A130-4BCD-B663-6B17E50136C4}.Debug|Any CPU.Build.0 = Debug|Any CPU
		{A2A8D9F9-A130-4BCD-B663-6B17E50136C4}.Release|Any CPU.ActiveCfg = Release|Any CPU
		{A2A8D9F9-A130-4BCD-B663-6B17E50136C4}.Release|Any CPU.Build.0 = Release|Any CPU
		{C9B15E01-328C-410C-87B7-B889E04125C2}.Debug|Any CPU.ActiveCfg = Debug|Any CPU
		{C9B15E01-328C-410C-87B7-B889E04125C2}.Debug|Any CPU.Build.0 = Debug|Any CPU
		{C9B15E01-328C-410C-87B7-B889E04125C2}.Release|Any CPU.ActiveCfg = Release|Any CPU
		{C9B15E01-328C-410C-87B7-B889E04125C2}.Release|Any CPU.Build.0 = Release|Any CPU
		{61FAC4B9-2799-4BBE-A1A6-1FD41CCA6534}.Debug|Any CPU.ActiveCfg = Debug|Any CPU
		{61FAC4B9-2799-4BBE-A1A6-1FD41CCA6534}.Debug|Any CPU.Build.0 = Debug|Any CPU
		{61FAC4B9-2799-4BBE-A1A6-1FD41CCA6534}.Release|Any CPU.ActiveCfg = Release|Any CPU
		{61FAC4B9-2799-4BBE-A1A6-1FD41CCA6534}.Release|Any CPU.Build.0 = Release|Any CPU
		{573C38FB-FA35-4EAA-8D5A-5A1456C83534}.Debug|Any CPU.ActiveCfg = Debug|Any CPU
		{573C38FB-FA35-4EAA-8D5A-5A1456C83534}.Debug|Any CPU.Build.0 = Debug|Any CPU
		{573C38FB-FA35-4EAA-8D5A-5A1456C83534}.Release|Any CPU.ActiveCfg = Release|Any CPU
		{573C38FB-FA35-4EAA-8D5A-5A1456C83534}.Release|Any CPU.Build.0 = Release|Any CPU
		{BD216CB8-0610-433D-8AFF-C3F36151FB04}.Debug|Any CPU.ActiveCfg = Debug|Any CPU
		{BD216CB8-0610-433D-8AFF-C3F36151FB04}.Debug|Any CPU.Build.0 = Debug|Any CPU
		{BD216CB8-0610-433D-8AFF-C3F36151FB04}.Release|Any CPU.ActiveCfg = Release|Any CPU
		{BD216CB8-0610-433D-8AFF-C3F36151FB04}.Release|Any CPU.Build.0 = Release|Any CPU
	EndGlobalSection
	GlobalSection(SolutionProperties) = preSolution
		HideSolutionNode = FALSE
	EndGlobalSection
	GlobalSection(NestedProjects) = preSolution
		{F1CD4879-3E3E-4D1F-9398-D2AC8BF00341} = {6BC99D44-70F5-4277-9DB7-D3503A532AEE}
		{F884482F-1B25-4DF9-99D5-A7039863C870} = {6BC99D44-70F5-4277-9DB7-D3503A532AEE}
		{0643B6E7-CD01-4605-BD1D-960653DC4237} = {7928E225-6353-4D68-880A-5466B823BD30}
		{66C3524B-8C4B-496C-82BB-1122971FEBCA} = {7928E225-6353-4D68-880A-5466B823BD30}
		{0A17A0C6-E065-45E1-AB6C-B7E3D09591C2} = {7928E225-6353-4D68-880A-5466B823BD30}
		{6077531A-09C8-4E03-A356-964F799B13A7} = {6BC99D44-70F5-4277-9DB7-D3503A532AEE}
		{4313F17C-1D30-4ECA-AEEF-56A22B5D6C7D} = {6BC99D44-70F5-4277-9DB7-D3503A532AEE}
		{A2A8D9F9-A130-4BCD-B663-6B17E50136C4} = {6BC99D44-70F5-4277-9DB7-D3503A532AEE}
		{C9B15E01-328C-410C-87B7-B889E04125C2} = {6BC99D44-70F5-4277-9DB7-D3503A532AEE}
		{61FAC4B9-2799-4BBE-A1A6-1FD41CCA6534} = {6077531A-09C8-4E03-A356-964F799B13A7}
		{573C38FB-FA35-4EAA-8D5A-5A1456C83534} = {6077531A-09C8-4E03-A356-964F799B13A7}
	EndGlobalSection
	GlobalSection(ExtensibilityGlobals) = postSolution
		SolutionGuid = {B01FDC92-F900-4546-927C-4E5E03928C36}
	EndGlobalSection
EndGlobal
